
Microsoft Visual Studio Solution File, Format Version 12.00
# Visual Studio Version 17
VisualStudioVersion = 17.14.36414.22 d17.14
MinimumVisualStudioVersion = 10.0.40219.1
Project("{FAE04EC0-301F-11D3-BF4B-00C04F79EFBC}") = "uygulama 16", "uygulama 16\uygulama 16.csproj", "{06007B6A-5613-490D-BD1E-61FD7D2E087D}"
EndProject
Global
	GlobalSection(SolutionConfigurationPlatforms) = preSolution
		Debug|Any CPU = Debug|Any CPU
		Release|Any CPU = Release|Any CPU
	EndGlobalSection
	GlobalSection(ProjectConfigurationPlatforms) = postSolution
		{06007B6A-5613-490D-BD1E-61FD7D2E087D}.Debug|Any CPU.ActiveCfg = Debug|Any CPU
		{06007B6A-5613-490D-BD1E-61FD7D2E087D}.Debug|Any CPU.Build.0 = Debug|Any CPU
		{06007B6A-5613-490D-BD1E-61FD7D2E087D}.Release|Any CPU.ActiveCfg = Release|Any CPU
		{06007B6A-5613-490D-BD1E-61FD7D2E087D}.Release|Any CPU.Build.0 = Release|Any CPU
	EndGlobalSection
	GlobalSection(SolutionProperties) = preSolution
		HideSolutionNode = FALSE
	EndGlobalSection
	GlobalSection(ExtensibilityGlobals) = postSolution
		SolutionGuid = {72B051DA-155E-496E-AFE3-DEFA0DD235C3}
	EndGlobalSection
EndGlobal
