
Microsoft Visual Studio Solution File, Format Version 12.00
# Visual Studio Version 17
VisualStudioVersion = 17.14.36414.22 d17.14
MinimumVisualStudioVersion = 10.0.40219.1
Project("{FAE04EC0-301F-11D3-BF4B-00C04F79EFBC}") = "oyun denemesi 2", "oyun denemesi 2\oyun denemesi 2.csproj", "{4A419A90-1927-453F-9C92-41A743C7F096}"
EndProject
Global
	GlobalSection(SolutionConfigurationPlatforms) = preSolution
		Debug|Any CPU = Debug|Any CPU
		Release|Any CPU = Release|Any CPU
	EndGlobalSection
	GlobalSection(ProjectConfigurationPlatforms) = postSolution
		{4A419A90-1927-453F-9C92-41A743C7F096}.Debug|Any CPU.ActiveCfg = Debug|Any CPU
		{4A419A90-1927-453F-9C92-41A743C7F096}.Debug|Any CPU.Build.0 = Debug|Any CPU
		{4A419A90-1927-453F-9C92-41A743C7F096}.Release|Any CPU.ActiveCfg = Release|Any CPU
		{4A419A90-1927-453F-9C92-41A743C7F096}.Release|Any CPU.Build.0 = Release|Any CPU
	EndGlobalSection
	GlobalSection(SolutionProperties) = preSolution
		HideSolutionNode = FALSE
	EndGlobalSection
	GlobalSection(ExtensibilityGlobals) = postSolution
		SolutionGuid = {F33FA69D-6AF9-43F0-9063-8F6BCA9FE09C}
	EndGlobalSection
EndGlobal
