
Microsoft Visual Studio Solution File, Format Version 12.00
# Visual Studio Version 17
VisualStudioVersion = 17.14.36414.22 d17.14
MinimumVisualStudioVersion = 10.0.40219.1
Project("{FAE04EC0-301F-11D3-BF4B-00C04F79EFBC}") = "uygulama2", "uygulama2\uygulama2.csproj", "{0628AE4F-623B-49E1-A805-FE54C87D9084}"
EndProject
Global
	GlobalSection(SolutionConfigurationPlatforms) = preSolution
		Debug|Any CPU = Debug|Any CPU
		Release|Any CPU = Release|Any CPU
	EndGlobalSection
	GlobalSection(ProjectConfigurationPlatforms) = postSolution
		{0628AE4F-623B-49E1-A805-FE54C87D9084}.Debug|Any CPU.ActiveCfg = Debug|Any CPU
		{0628AE4F-623B-49E1-A805-FE54C87D9084}.Debug|Any CPU.Build.0 = Debug|Any CPU
		{0628AE4F-623B-49E1-A805-FE54C87D9084}.Release|Any CPU.ActiveCfg = Release|Any CPU
		{0628AE4F-623B-49E1-A805-FE54C87D9084}.Release|Any CPU.Build.0 = Release|Any CPU
	EndGlobalSection
	GlobalSection(SolutionProperties) = preSolution
		HideSolutionNode = FALSE
	EndGlobalSection
	GlobalSection(ExtensibilityGlobals) = postSolution
		SolutionGuid = {A1BF1CFE-78B5-43C3-B74C-370F27610B6A}
	EndGlobalSection
EndGlobal
