
Microsoft Visual Studio Solution File, Format Version 12.00
# Visual Studio Version 17
VisualStudioVersion = 17.14.36414.22 d17.14
MinimumVisualStudioVersion = 10.0.40219.1
Project("{FAE04EC0-301F-11D3-BF4B-00C04F79EFBC}") = "otuzeyluluygulamalar", "otuzeyluluygulamalar\otuzeyluluygulamalar.csproj", "{30F02240-5D2D-4F40-9A27-D5CAD896D660}"
EndProject
Global
	GlobalSection(SolutionConfigurationPlatforms) = preSolution
		Debug|Any CPU = Debug|Any CPU
		Release|Any CPU = Release|Any CPU
	EndGlobalSection
	GlobalSection(ProjectConfigurationPlatforms) = postSolution
		{30F02240-5D2D-4F40-9A27-D5CAD896D660}.Debug|Any CPU.ActiveCfg = Debug|Any CPU
		{30F02240-5D2D-4F40-9A27-D5CAD896D660}.Debug|Any CPU.Build.0 = Debug|Any CPU
		{30F02240-5D2D-4F40-9A27-D5CAD896D660}.Release|Any CPU.ActiveCfg = Release|Any CPU
		{30F02240-5D2D-4F40-9A27-D5CAD896D660}.Release|Any CPU.Build.0 = Release|Any CPU
	EndGlobalSection
	GlobalSection(SolutionProperties) = preSolution
		HideSolutionNode = FALSE
	EndGlobalSection
	GlobalSection(ExtensibilityGlobals) = postSolution
		SolutionGuid = {78904057-3DB7-49EA-81EB-6E8EDF3BF796}
	EndGlobalSection
EndGlobal
