I6ImNsaWVudC5saWNlbnNlX3N0YXRlX3ByaXZhY3kiLCJtYXRjaGluZ19vcGVyYXRvciI6ImlzX2luX2xpc3QiLCJtYXRjaGluZ192YWx1ZSI6IkZyZWV8VHJpYWxFeHBpcmVkIn0seyJyZWZfaWQiOiI0IiwiY29uZGl0aW9uYWxfcGFyYW1ldGVyIjoiY2xpZW50LmlkZW50aXR5X2VudGl0bGVtZW50X3N0YXR1cyIsIm1hdGNoaW5nX29wZXJhdG9yIjoiaXNfbm90X2luX2xpc3QiLCJtYXRjaGluZ192YWx1ZSI6ImVucm9sbGVkfGFjdGl2YXRlZCJ9LHsicmVmX2lkIjoiNSIsImNvbmRpdGlvbmFsX3BhcmFtZXRlciI6ImNsaWVudC5zZXR0aW5nc19sYW5ndWFnZSIsIm1hdGNoaW5nX29wZXJhdG9yIjoiaXNfbm90X2luX2xpc3QiLCJtYXRjaGluZ192YWx1ZSI6ImVuIn1dLCJzdGFydF9kYXRlIjoiMjAyNS0wOS0xNSIsImVuZF9kYXRlIjoiMjAyNS0wOS0yOCIsImNhbXBhaWduX2lkIjoyMDAyMDksImF1ZGllbmNlX2lkIjoyMDA0OTcsImNvbl9wYXJfcmVwb3J0aW5nIjoiZmFsc2UiLCJjdHJsX3N0bXRfZXZhbF9yZXBvcnRpbmciOiJ0cnVlIiwiYWN0aW9ucyI6W3siYWN0aW9uYWJsZV90eXBlIjoiQ29udHJvbFN0YXRlbWVudCIsImFjdGlvbmFibGVfaWQiOjIwMjMxOX0seyJhY3Rpb25hYmxlX3R5cGUiOiJDbGllbnRGbGFnIiwiYWN0aW9uYWJsZV9pZCI6MjAwMzMwfV19LCIyMDIzMTciOnsiaWQiOjIwMjMxNywiZXZhbHVhdG9yIjoiY2xpZW50IiwiZXZhbHVhdGlvbl9tb2RlIjoicmVhbHRpbWUiLCJtdXR1YWxfZXhjbHVzaW9ucyI6W10sInRhZ3MiOlsic2Nhbl9zdW1tYXJ5XzQwX29mZl9mcmVldGUiLCJhdWRpZW5jZV9ydF9jcyIsIndpbl9tYjUiXSwiY29uZGl0aW9uYWxzIjpbeyJyZWZfaWQiOiIxIiwiY29uZGl